
Microsoft Visual Studio Solution File, Format Version 12.00
# Visual Studio Version 17
VisualStudioVersion = 17.14.36414.22 d17.14
MinimumVisualStudioVersion = 10.0.40219.1
Project("{FAE04EC0-301F-11D3-BF4B-00C04F79EFBC}") = "CakeBuild", "CakeBuild\CakeBuild.csproj", "{7D7D93A9-F463-4B41-9A68-49D671DB7F42}"
EndProject
Project("{FAE04EC0-301F-11D3-BF4B-00C04F79EFBC}") = "naturalfertilizer", "naturalfertilizer\naturalfertilizer.csproj", "{BF31EBA2-9CE1-4A4D-ADCC-4DB3194DEBE2}"
EndProject
Global
	GlobalSection(SolutionConfigurationPlatforms) = preSolution
		Debug|Any CPU = Debug|Any CPU
		Release|Any CPU = Release|Any CPU
	EndGlobalSection
	GlobalSection(ProjectConfigurationPlatforms) = postSolution
		{7D7D93A9-F463-4B41-9A68-49D671DB7F42}.Debug|Any CPU.ActiveCfg = Debug|Any CPU
		{7D7D93A9-F463-4B41-9A68-49D671DB7F42}.Debug|Any CPU.Build.0 = Debug|Any CPU
		{7D7D93A9-F463-4B41-9A68-49D671DB7F42}.Release|Any CPU.ActiveCfg = Release|Any CPU
		{7D7D93A9-F463-4B41-9A68-49D671DB7F42}.Release|Any CPU.Build.0 = Release|Any CPU
		{BF31EBA2-9CE1-4A4D-ADCC-4DB3194DEBE2}.Debug|Any CPU.ActiveCfg = Debug|Any CPU
		{BF31EBA2-9CE1-4A4D-ADCC-4DB3194DEBE2}.Debug|Any CPU.Build.0 = Debug|Any CPU
		{BF31EBA2-9CE1-4A4D-ADCC-4DB3194DEBE2}.Release|Any CPU.ActiveCfg = Release|Any CPU
		{BF31EBA2-9CE1-4A4D-ADCC-4DB3194DEBE2}.Release|Any CPU.Build.0 = Release|Any CPU
	EndGlobalSection
	GlobalSection(SolutionProperties) = preSolution
		HideSolutionNode = FALSE
	EndGlobalSection
	GlobalSection(ExtensibilityGlobals) = postSolution
		SolutionGuid = {3D00DBA2-8359-48AD-8F43-190960299D67}
	EndGlobalSection
EndGlobal
